{
  "requires": true,
  "lockfileVersion": 1,
  "dependencies": {
    "websocket-heartbeat-miniprogram": {
      "version": "1.0.1",
      "resolved": "https://registry.npmjs.org/websocket-heartbeat-miniprogram/-/websocket-heartbeat-miniprogram-1.0.1.tgz",
      "integrity": "sha512-nRkjJs+IHjtrWeyERWwPtsjXgTtXYjQDLrncKuqgVa0cC0E717y+0jcDsbwx1GAEpVghU8R87yR454xzlg6OTQ=="
    }
  }
}
